
Microsoft Visual Studio Solution File, Format Version 12.00
# Visual Studio 15
VisualStudioVersion = 15.0.27703.2042
MinimumVisualStudioVersion = 10.0.40219.1
Project("{888888A0-9F3D-457C-B088-3A5042F75D52}") = "PPO_Atari", "PPO_Atari\PPO_Atari.pyproj", "{0321693F-F44C-440A-86B3-5DBE48CF7554}"
EndProject
Global
	GlobalSection(SolutionConfigurationPlatforms) = preSolution
		Debug|Any CPU = Debug|Any CPU
		Release|Any CPU = Release|Any CPU
	EndGlobalSection
	GlobalSection(ProjectConfigurationPlatforms) = postSolution
		{0321693F-F44C-440A-86B3-5DBE48CF7554}.Debug|Any CPU.ActiveCfg = Debug|Any CPU
		{0321693F-F44C-440A-86B3-5DBE48CF7554}.Release|Any CPU.ActiveCfg = Release|Any CPU
	EndGlobalSection
	GlobalSection(SolutionProperties) = preSolution
		HideSolutionNode = FALSE
	EndGlobalSection
	GlobalSection(ExtensibilityGlobals) = postSolution
		SolutionGuid = {A630CE22-1429-446F-8AC9-8AD14B03033F}
	EndGlobalSection
EndGlobal
